
Microsoft Visual Studio Solution File, Format Version 12.00
# Visual Studio 15
VisualStudioVersion = 15.0.27004.2002
MinimumVisualStudioVersion = 10.0.40219.1
Project("{9A19103F-16F7-4668-BE54-9A1E7A4F7556}") = "DBMapper", "TestADO_livecode\DBMapper.csproj", "{5A80B35B-63B7-4DE2-B591-074AFACB5F4E}"
EndProject
Project("{9A19103F-16F7-4668-BE54-9A1E7A4F7556}") = "Assignment4Tests", "Assignment4Tests\Assignment4Tests.csproj", "{5DA97B79-0D8F-42D5-B31F-1D9B85333840}"
EndProject
Project("{9A19103F-16F7-4668-BE54-9A1E7A4F7556}") = "WebServiceLayer", "WebServiceLayer\WebServiceLayer.csproj", "{373B1851-3B15-4288-83F5-208861407EB0}"
EndProject
Global
	GlobalSection(SolutionConfigurationPlatforms) = preSolution
		Debug|Any CPU = Debug|Any CPU
		Release|Any CPU = Release|Any CPU
	EndGlobalSection
	GlobalSection(ProjectConfigurationPlatforms) = postSolution
		{5A80B35B-63B7-4DE2-B591-074AFACB5F4E}.Debug|Any CPU.ActiveCfg = Debug|Any CPU
		{5A80B35B-63B7-4DE2-B591-074AFACB5F4E}.Debug|Any CPU.Build.0 = Debug|Any CPU
		{5A80B35B-63B7-4DE2-B591-074AFACB5F4E}.Release|Any CPU.ActiveCfg = Release|Any CPU
		{5A80B35B-63B7-4DE2-B591-074AFACB5F4E}.Release|Any CPU.Build.0 = Release|Any CPU
		{5DA97B79-0D8F-42D5-B31F-1D9B85333840}.Debug|Any CPU.ActiveCfg = Debug|Any CPU
		{5DA97B79-0D8F-42D5-B31F-1D9B85333840}.Debug|Any CPU.Build.0 = Debug|Any CPU
		{5DA97B79-0D8F-42D5-B31F-1D9B85333840}.Release|Any CPU.ActiveCfg = Release|Any CPU
		{5DA97B79-0D8F-42D5-B31F-1D9B85333840}.Release|Any CPU.Build.0 = Release|Any CPU
		{373B1851-3B15-4288-83F5-208861407EB0}.Debug|Any CPU.ActiveCfg = Debug|Any CPU
		{373B1851-3B15-4288-83F5-208861407EB0}.Debug|Any CPU.Build.0 = Debug|Any CPU
		{373B1851-3B15-4288-83F5-208861407EB0}.Release|Any CPU.ActiveCfg = Release|Any CPU
		{373B1851-3B15-4288-83F5-208861407EB0}.Release|Any CPU.Build.0 = Release|Any CPU
	EndGlobalSection
	GlobalSection(SolutionProperties) = preSolution
		HideSolutionNode = FALSE
	EndGlobalSection
	GlobalSection(ExtensibilityGlobals) = postSolution
		SolutionGuid = {915BA6D8-C2CE-4CD1-86FF-F3529AC01CD5}
	EndGlobalSection
EndGlobal
