
Microsoft Visual Studio Solution File, Format Version 12.00
# Visual Studio 15
VisualStudioVersion = 15.0.26730.12
MinimumVisualStudioVersion = 10.0.40219.1
Project("{9A19103F-16F7-4668-BE54-9A1E7A4F7556}") = "DAL", "DAL\DAL.csproj", "{93E3C7BE-93AF-4944-893D-91B9A2D2D17C}"
EndProject
Project("{9A19103F-16F7-4668-BE54-9A1E7A4F7556}") = "WSL", "WSL\WSL.csproj", "{775FEF6E-7FE4-44A7-8481-B178CAC0358B}"
EndProject
Project("{9A19103F-16F7-4668-BE54-9A1E7A4F7556}") = "XUnitTestProject", "XUnitTestProject\XUnitTestProject.csproj", "{B2058DA1-3E16-4F8B-A56F-C94FFA7B78B0}"
EndProject
Global
	GlobalSection(SolutionConfigurationPlatforms) = preSolution
		Debug|Any CPU = Debug|Any CPU
		Release|Any CPU = Release|Any CPU
	EndGlobalSection
	GlobalSection(ProjectConfigurationPlatforms) = postSolution
		{93E3C7BE-93AF-4944-893D-91B9A2D2D17C}.Debug|Any CPU.ActiveCfg = Debug|Any CPU
		{93E3C7BE-93AF-4944-893D-91B9A2D2D17C}.Debug|Any CPU.Build.0 = Debug|Any CPU
		{93E3C7BE-93AF-4944-893D-91B9A2D2D17C}.Release|Any CPU.ActiveCfg = Release|Any CPU
		{93E3C7BE-93AF-4944-893D-91B9A2D2D17C}.Release|Any CPU.Build.0 = Release|Any CPU
		{775FEF6E-7FE4-44A7-8481-B178CAC0358B}.Debug|Any CPU.ActiveCfg = Debug|Any CPU
		{775FEF6E-7FE4-44A7-8481-B178CAC0358B}.Debug|Any CPU.Build.0 = Debug|Any CPU
		{775FEF6E-7FE4-44A7-8481-B178CAC0358B}.Release|Any CPU.ActiveCfg = Release|Any CPU
		{775FEF6E-7FE4-44A7-8481-B178CAC0358B}.Release|Any CPU.Build.0 = Release|Any CPU
		{B2058DA1-3E16-4F8B-A56F-C94FFA7B78B0}.Debug|Any CPU.ActiveCfg = Debug|Any CPU
		{B2058DA1-3E16-4F8B-A56F-C94FFA7B78B0}.Debug|Any CPU.Build.0 = Debug|Any CPU
		{B2058DA1-3E16-4F8B-A56F-C94FFA7B78B0}.Release|Any CPU.ActiveCfg = Release|Any CPU
		{B2058DA1-3E16-4F8B-A56F-C94FFA7B78B0}.Release|Any CPU.Build.0 = Release|Any CPU
	EndGlobalSection
	GlobalSection(SolutionProperties) = preSolution
		HideSolutionNode = FALSE
	EndGlobalSection
	GlobalSection(ExtensibilityGlobals) = postSolution
		SolutionGuid = {0DBDB576-5D30-4732-9623-58E580FE76EC}
	EndGlobalSection
EndGlobal
